// !$*UTF8*$!
{
	archiveVersion = 1;
	classes = {
	};
	objectVersion = 77;
	objects = {

/* Begin PBXBuildFile section */
		BFA8EEA72DEE7A49007571B9 /* Auth in Frameworks */ = {isa = PBXBuildFile; productRef = BFA8EEA62DEE7A49007571B9 /* Auth */; };
		BFA8EEA92DEE7A49007571B9 /* Functions in Frameworks */ = {isa = PBXBuildFile; productRef = BFA8EEA82DEE7A49007571B9 /* Functions */; };
		BFA8EEAB2DEE7A49007571B9 /* PostgREST in Frameworks */ = {isa = PBXBuildFile; productRef = BFA8EEAA2DEE7A49007571B9 /* PostgREST */; };
		BFA8EEAD2DEE7A49007571B9 /* Realtime in Frameworks */ = {isa = PBXBuildFile; productRef = BFA8EEAC2DEE7A49007571B9 /* Realtime */; };
		BFA8EEAF2DEE7A49007571B9 /* Storage in Frameworks */ = {isa = PBXBuildFile; productRef = BFA8EEAE2DEE7A49007571B9 /* Storage */; };
		BFA8EEC72DEE9238007571B9 /* Supabase in Frameworks */ = {isa = PBXBuildFile; productRef = BFA8EEC62DEE9238007571B9 /* Supabase */; };
/* End PBXBuildFile section */

/* Begin PBXContainerItemProxy section */
		BFDBAC8D2DEBE472002FEF75 /* PBXContainerItemProxy */ = {
			isa = PBXContainerItemProxy;
			containerPortal = BFDBAC772DEBE46F002FEF75 /* Project object */;
			proxyType = 1;
			remoteGlobalIDString = BFDBAC7E2DEBE46F002FEF75;
			remoteInfo = BeisWastageProject;
		};
		BFDBAC972DEBE472002FEF75 /* PBXContainerItemProxy */ = {
			isa = PBXContainerItemProxy;
			containerPortal = BFDBAC772DEBE46F002FEF75 /* Project object */;
			proxyType = 1;
			remoteGlobalIDString = BFDBAC7E2DEBE46F002FEF75;
			remoteInfo = BeisWastageProject;
		};
/* End PBXContainerItemProxy section */

/* Begin PBXFileReference section */
		BFDBAC7F2DEBE46F002FEF75 /* BeisWastageProject.app */ = {isa = PBXFileReference; explicitFileType = wrapper.application; includeInIndex = 0; path = BeisWastageProject.app; sourceTree = BUILT_PRODUCTS_DIR; };
		BFDBAC8C2DEBE472002FEF75 /* BeisWastageProjectTests.xctest */ = {isa = PBXFileReference; explicitFileType = wrapper.cfbundle; includeInIndex = 0; path = BeisWastageProjectTests.xctest; sourceTree = BUILT_PRODUCTS_DIR; };
		BFDBAC962DEBE472002FEF75 /* BeisWastageProjectUITests.xctest */ = {isa = PBXFileReference; explicitFileType = wrapper.cfbundle; includeInIndex = 0; path = BeisWastageProjectUITests.xctest; sourceTree = BUILT_PRODUCTS_DIR; };
/* End PBXFileReference section */

/* Begin PBXFileSystemSynchronizedRootGroup section */
		BFDBAC8F2DEBE472002FEF75 /* BeisWastageProjectTests */ = {
			isa = PBXFileSystemSynchronizedRootGroup;
			path = BeisWastageProjectTests;
			sourceTree = "<group>";
		};
		BFDBAC992DEBE472002FEF75 /* BeisWastageProjectUITests */ = {
			isa = PBXFileSystemSynchronizedRootGroup;
			path = BeisWastageProjectUITests;
			sourceTree = "<group>";
		};
		BFDBACAC2DEBE4A3002FEF75 /* Views */ = {
			isa = PBXFileSystemSynchronizedRootGroup;
			path = Views;
			sourceTree = "<group>";
		};
		BFDBACB72DEBE4B9002FEF75 /* BeisWastageProject */ = {
			isa = PBXFileSystemSynchronizedRootGroup;
			path = BeisWastageProject;
			sourceTree = "<group>";
		};
/* End PBXFileSystemSynchronizedRootGroup section */

/* Begin PBXFrameworksBuildPhase section */
		BFDBAC7C2DEBE46F002FEF75 /* Frameworks */ = {
			isa = PBXFrameworksBuildPhase;
			buildActionMask = 2147483647;
			files = (
				BFA8EEAB2DEE7A49007571B9 /* PostgREST in Frameworks */,
				BFA8EEA92DEE7A49007571B9 /* Functions in Frameworks */,
				BFA8EEC72DEE9238007571B9 /* Supabase in Frameworks */,
				BFA8EEA72DEE7A49007571B9 /* Auth in Frameworks */,
				BFA8EEAF2DEE7A49007571B9 /* Storage in Frameworks */,
				BFA8EEAD2DEE7A49007571B9 /* Realtime in Frameworks */,
			);
			runOnlyForDeploymentPostprocessing = 0;
		};
		BFDBAC892DEBE472002FEF75 /* Frameworks */ = {
			isa = PBXFrameworksBuildPhase;
			buildActionMask = 2147483647;
			files = (
			);
			runOnlyForDeploymentPostprocessing = 0;
		};
		BFDBAC932DEBE472002FEF75 /* Frameworks */ = {
			isa = PBXFrameworksBuildPhase;
			buildActionMask = 2147483647;
			files = (
			);
			runOnlyForDeploymentPostprocessing = 0;
		};
/* End PBXFrameworksBuildPhase section */

/* Begin PBXGroup section */
		BFA8EEC52DEE9238007571B9 /* Frameworks */ = {
			isa = PBXGroup;
			children = (
			);
			name = Frameworks;
			sourceTree = "<group>";
		};
		BFDBAC762DEBE46F002FEF75 = {
			isa = PBXGroup;
			children = (
				BFDBACB72DEBE4B9002FEF75 /* BeisWastageProject */,
				BFDBACAC2DEBE4A3002FEF75 /* Views */,
				BFDBAC8F2DEBE472002FEF75 /* BeisWastageProjectTests */,
				BFDBAC992DEBE472002FEF75 /* BeisWastageProjectUITests */,
				BFA8EEC52DEE9238007571B9 /* Frameworks */,
				BFDBAC802DEBE46F002FEF75 /* Products */,
			);
			sourceTree = "<group>";
		};
		BFDBAC802DEBE46F002FEF75 /* Products */ = {
			isa = PBXGroup;
			children = (
				BFDBAC7F2DEBE46F002FEF75 /* BeisWastageProject.app */,
				BFDBAC8C2DEBE472002FEF75 /* BeisWastageProjectTests.xctest */,
				BFDBAC962DEBE472002FEF75 /* BeisWastageProjectUITests.xctest */,
			);
			name = Products;
			sourceTree = "<group>";
		};
/* End PBXGroup section */

/* Begin PBXNativeTarget section */
		BFDBAC7E2DEBE46F002FEF75 /* BeisWastageProject */ = {
			isa = PBXNativeTarget;
			buildConfigurationList = BFDBACA02DEBE472002FEF75 /* Build configuration list for PBXNativeTarget "BeisWastageProject" */;
			buildPhases = (
				BFDBAC7B2DEBE46F002FEF75 /* Sources */,
				BFDBAC7C2DEBE46F002FEF75 /* Frameworks */,
				BFDBAC7D2DEBE46F002FEF75 /* Resources */,
			);
			buildRules = (
			);
			dependencies = (
			);
			fileSystemSynchronizedGroups = (
				BFDBACAC2DEBE4A3002FEF75 /* Views */,
				BFDBACB72DEBE4B9002FEF75 /* BeisWastageProject */,
			);
			name = BeisWastageProject;
			packageProductDependencies = (
				BFA8EEA62DEE7A49007571B9 /* Auth */,
				BFA8EEA82DEE7A49007571B9 /* Functions */,
				BFA8EEAA2DEE7A49007571B9 /* PostgREST */,
				BFA8EEAC2DEE7A49007571B9 /* Realtime */,
				BFA8EEAE2DEE7A49007571B9 /* Storage */,
				BFA8EEC62DEE9238007571B9 /* Supabase */,
			);
			productName = BeisWastageProject;
			productReference = BFDBAC7F2DEBE46F002FEF75 /* BeisWastageProject.app */;
			productType = "com.apple.product-type.application";
		};
		BFDBAC8B2DEBE472002FEF75 /* BeisWastageProjectTests */ = {
			isa = PBXNativeTarget;
			buildConfigurationList = BFDBACA32DEBE472002FEF75 /* Build configuration list for PBXNativeTarget "BeisWastageProjectTests" */;
			buildPhases = (
				BFDBAC882DEBE472002FEF75 /* Sources */,
				BFDBAC892DEBE472002FEF75 /* Frameworks */,
				BFDBAC8A2DEBE472002FEF75 /* Resources */,
			);
			buildRules = (
			);
			dependencies = (
				BFDBAC8E2DEBE472002FEF75 /* PBXTargetDependency */,
			);
			fileSystemSynchronizedGroups = (
				BFDBAC8F2DEBE472002FEF75 /* BeisWastageProjectTests */,
			);
			name = BeisWastageProjectTests;
			packageProductDependencies = (
			);
			productName = BeisWastageProjectTests;
			productReference = BFDBAC8C2DEBE472002FEF75 /* BeisWastageProjectTests.xctest */;
			productType = "com.apple.product-type.bundle.unit-test";
		};
		BFDBAC952DEBE472002FEF75 /* BeisWastageProjectUITests */ = {
			isa = PBXNativeTarget;
			buildConfigurationList = BFDBACA62DEBE472002FEF75 /* Build configuration list for PBXNativeTarget "BeisWastageProjectUITests" */;
			buildPhases = (
				BFDBAC922DEBE472002FEF75 /* Sources */,
				BFDBAC932DEBE472002FEF75 /* Frameworks */,
				BFDBAC942DEBE472002FEF75 /* Resources */,
			);
			buildRules = (
			);
			dependencies = (
				BFDBAC982DEBE472002FEF75 /* PBXTargetDependency */,
			);
			fileSystemSynchronizedGroups = (
				BFDBAC992DEBE472002FEF75 /* BeisWastageProjectUITests */,
			);
			name = BeisWastageProjectUITests;
			packageProductDependencies = (
			);
			productName = BeisWastageProjectUITests;
			productReference = BFDBAC962DEBE472002FEF75 /* BeisWastageProjectUITests.xctest */;
			productType = "com.apple.product-type.bundle.ui-testing";
		};
/* End PBXNativeTarget section */

/* Begin PBXProject section */
		BFDBAC772DEBE46F002FEF75 /* Project object */ = {
			isa = PBXProject;
			attributes = {
				BuildIndependentTargetsInParallel = 1;
				LastSwiftUpdateCheck = 1630;
				LastUpgradeCheck = 1630;
				TargetAttributes = {
					BFDBAC7E2DEBE46F002FEF75 = {
						CreatedOnToolsVersion = 16.3;
					};
					BFDBAC8B2DEBE472002FEF75 = {
						CreatedOnToolsVersion = 16.3;
						TestTargetID = BFDBAC7E2DEBE46F002FEF75;
					};
					BFDBAC952DEBE472002FEF75 = {
						CreatedOnToolsVersion = 16.3;
						TestTargetID = BFDBAC7E2DEBE46F002FEF75;
					};
				};
			};
			buildConfigurationList = BFDBAC7A2DEBE46F002FEF75 /* Build configuration list for PBXProject "BeisWastageProject" */;
			developmentRegion = en;
			hasScannedForEncodings = 0;
			knownRegions = (
				en,
				Base,
			);
			mainGroup = BFDBAC762DEBE46F002FEF75;
			minimizedProjectReferenceProxies = 1;
			packageReferences = (
				BFA8EEA52DEE7A49007571B9 /* XCRemoteSwiftPackageReference "supabase-swift" */,
			);
			preferredProjectObjectVersion = 77;
			productRefGroup = BFDBAC802DEBE46F002FEF75 /* Products */;
			projectDirPath = "";
			projectRoot = "";
			targets = (
				BFDBAC7E2DEBE46F002FEF75 /* BeisWastageProject */,
				BFDBAC8B2DEBE472002FEF75 /* BeisWastageProjectTests */,
				BFDBAC952DEBE472002FEF75 /* BeisWastageProjectUITests */,
			);
		};
/* End PBXProject section */

/* Begin PBXResourcesBuildPhase section */
		BFDBAC7D2DEBE46F002FEF75 /* Resources */ = {
			isa = PBXResourcesBuildPhase;
			buildActionMask = 2147483647;
			files = (
			);
			runOnlyForDeploymentPostprocessing = 0;
		};
		BFDBAC8A2DEBE472002FEF75 /* Resources */ = {
			isa = PBXResourcesBuildPhase;
			buildActionMask = 2147483647;
			files = (
			);
			runOnlyForDeploymentPostprocessing = 0;
		};
		BFDBAC942DEBE472002FEF75 /* Resources */ = {
			isa = PBXResourcesBuildPhase;
			buildActionMask = 2147483647;
			files = (
			);
			runOnlyForDeploymentPostprocessing = 0;
		};
/* End PBXResourcesBuildPhase section */

/* Begin PBXSourcesBuildPhase section */
		BFDBAC7B2DEBE46F002FEF75 /* Sources */ = {
			isa = PBXSourcesBuildPhase;
			buildActionMask = 2147483647;
			files = (
			);
			runOnlyForDeploymentPostprocessing = 0;
		};
		BFDBAC882DEBE472002FEF75 /* Sources */ = {
			isa = PBXSourcesBuildPhase;
			buildActionMask = 2147483647;
			files = (
			);
			runOnlyForDeploymentPostprocessing = 0;
		};
		BFDBAC922DEBE472002FEF75 /* Sources */ = {
			isa = PBXSourcesBuildPhase;
			buildActionMask = 2147483647;
			files = (
			);
			runOnlyForDeploymentPostprocessing = 0;
		};
/* End PBXSourcesBuildPhase section */

/* Begin PBXTargetDependency section */
		BFDBAC8E2DEBE472002FEF75 /* PBXTargetDependency */ = {
			isa = PBXTargetDependency;
			target = BFDBAC7E2DEBE46F002FEF75 /* BeisWastageProject */;
			targetProxy = BFDBAC8D2DEBE472002FEF75 /* PBXContainerItemProxy */;
		};
		BFDBAC982DEBE472002FEF75 /* PBXTargetDependency */ = {
			isa = PBXTargetDependency;
			target = BFDBAC7E2DEBE46F002FEF75 /* BeisWastageProject */;
			targetProxy = BFDBAC972DEBE472002FEF75 /* PBXContainerItemProxy */;
		};
/* End PBXTargetDependency section */

/* Begin XCBuildConfiguration section */
		BFDBAC9E2DEBE472002FEF75 /* Debug */ = {
			isa = XCBuildConfiguration;
			buildSettings = {
				ALWAYS_SEARCH_USER_PATHS = NO;
				ASSETCATALOG_COMPILER_GENERATE_SWIFT_ASSET_SYMBOL_EXTENSIONS = YES;
				CLANG_ANALYZER_NONNULL = YES;
				CLANG_ANALYZER_NUMBER_OBJECT_CONVERSION = YES_AGGRESSIVE;
				CLANG_CXX_LANGUAGE_STANDARD = "gnu++20";
				CLANG_ENABLE_MODULES = YES;
				CLANG_ENABLE_OBJC_ARC = YES;
				CLANG_ENABLE_OBJC_WEAK = YES;
				CLANG_WARN_BLOCK_CAPTURE_AUTORELEASING = YES;
				CLANG_WARN_BOOL_CONVERSION = YES;
				CLANG_WARN_COMMA = YES;
				CLANG_WARN_CONSTANT_CONVERSION = YES;
				CLANG_WARN_DEPRECATED_OBJC_IMPLEMENTATIONS = YES;
				CLANG_WARN_DIRECT_OBJC_ISA_USAGE = YES_ERROR;
				CLANG_WARN_DOCUMENTATION_COMMENTS = YES;
				CLANG_WARN_EMPTY_BODY = YES;
				CLANG_WARN_ENUM_CONVERSION = YES;
				CLANG_WARN_INFINITE_RECURSION = YES;
				CLANG_WARN_INT_CONVERSION = YES;
				CLANG_WARN_NON_LITERAL_NULL_CONVERSION = YES;
				CLANG_WARN_OBJC_IMPLICIT_RETAIN_SELF = YES;
				CLANG_WARN_OBJC_LITERAL_CONVERSION = YES;
				CLANG_WARN_OBJC_ROOT_CLASS = YES_ERROR;
				CLANG_WARN_QUOTED_INCLUDE_IN_FRAMEWORK_HEADER = YES;
				CLANG_WARN_RANGE_LOOP_ANALYSIS = YES;
				CLANG_WARN_STRICT_PROTOTYPES = YES;
				CLANG_WARN_SUSPICIOUS_MOVE = YES;
				CLANG_WARN_UNGUARDED_AVAILABILITY = YES_AGGRESSIVE;
				CLANG_WARN_UNREACHABLE_CODE = YES;
				CLANG_WARN__DUPLICATE_METHOD_MATCH = YES;
				COPY_PHASE_STRIP = NO;
				DEBUG_INFORMATION_FORMAT = dwarf;
				DEVELOPMENT_TEAM = 7JWCSA9B4T;
				ENABLE_STRICT_OBJC_MSGSEND = YES;
				ENABLE_TESTABILITY = YES;
				ENABLE_USER_SCRIPT_SANDBOXING = YES;
				GCC_C_LANGUAGE_STANDARD = gnu17;
				GCC_DYNAMIC_NO_PIC = NO;
				GCC_NO_COMMON_BLOCKS = YES;
				GCC_OPTIMIZATION_LEVEL = 0;
				GCC_PREPROCESSOR_DEFINITIONS = (
					"DEBUG=1",
					"$(inherited)",
				);
				GCC_WARN_64_TO_32_BIT_CONVERSION = YES;
				GCC_WARN_ABOUT_RETURN_TYPE = YES_ERROR;
				GCC_WARN_UNDECLARED_SELECTOR = YES;
				GCC_WARN_UNINITIALIZED_AUTOS = YES_AGGRESSIVE;
				GCC_WARN_UNUSED_FUNCTION = YES;
				GCC_WARN_UNUSED_VARIABLE = YES;
				IPHONEOS_DEPLOYMENT_TARGET = 18.4;
				LOCALIZATION_PREFERS_STRING_CATALOGS = YES;
				MTL_ENABLE_DEBUG_INFO = INCLUDE_SOURCE;
				MTL_FAST_MATH = YES;
				ONLY_ACTIVE_ARCH = YES;
				SDKROOT = iphoneos;
				SWIFT_ACTIVE_COMPILATION_CONDITIONS = "DEBUG $(inherited)";
				SWIFT_OPTIMIZATION_LEVEL = "-Onone";
			};
			name = Debug;
		};
		BFDBAC9F2DEBE472002FEF75 /* Release */ = {
			isa = XCBuildConfiguration;
			buildSettings = {
				ALWAYS_SEARCH_USER_PATHS = NO;
				ASSETCATALOG_COMPILER_GENERATE_SWIFT_ASSET_SYMBOL_EXTENSIONS = YES;
				CLANG_ANALYZER_NONNULL = YES;
				CLANG_ANALYZER_NUMBER_OBJECT_CONVERSION = YES_AGGRESSIVE;
				CLANG_CXX_LANGUAGE_STANDARD = "gnu++20";
				CLANG_ENABLE_MODULES = YES;
				CLANG_ENABLE_OBJC_ARC = YES;
				CLANG_ENABLE_OBJC_WEAK = YES;
				CLANG_WARN_BLOCK_CAPTURE_AUTORELEASING = YES;
				CLANG_WARN_BOOL_CONVERSION = YES;
				CLANG_WARN_COMMA = YES;
				CLANG_WARN_CONSTANT_CONVERSION = YES;
				CLANG_WARN_DEPRECATED_OBJC_IMPLEMENTATIONS = YES;
				CLANG_WARN_DIRECT_OBJC_ISA_USAGE = YES_ERROR;
				CLANG_WARN_DOCUMENTATION_COMMENTS = YES;
				CLANG_WARN_EMPTY_BODY = YES;
				CLANG_WARN_ENUM_CONVERSION = YES;
				CLANG_WARN_INFINITE_RECURSION = YES;
				CLANG_WARN_INT_CONVERSION = YES;
				CLANG_WARN_NON_LITERAL_NULL_CONVERSION = YES;
				CLANG_WARN_OBJC_IMPLICIT_RETAIN_SELF = YES;
				CLANG_WARN_OBJC_LITERAL_CONVERSION = YES;
				CLANG_WARN_OBJC_ROOT_CLASS = YES_ERROR;
				CLANG_WARN_QUOTED_INCLUDE_IN_FRAMEWORK_HEADER = YES;
				CLANG_WARN_RANGE_LOOP_ANALYSIS = YES;
				CLANG_WARN_STRICT_PROTOTYPES = YES;
				CLANG_WARN_SUSPICIOUS_MOVE = YES;
				CLANG_WARN_UNGUARDED_AVAILABILITY = YES_AGGRESSIVE;
				CLANG_WARN_UNREACHABLE_CODE = YES;
				CLANG_WARN__DUPLICATE_METHOD_MATCH = YES;
				COPY_PHASE_STRIP = NO;
				DEBUG_INFORMATION_FORMAT = "dwarf-with-dsym";
				DEVELOPMENT_TEAM = 7JWCSA9B4T;
				ENABLE_NS_ASSERTIONS = NO;
				ENABLE_STRICT_OBJC_MSGSEND = YES;
				ENABLE_USER_SCRIPT_SANDBOXING = YES;
				GCC_C_LANGUAGE_STANDARD = gnu17;
				GCC_NO_COMMON_BLOCKS = YES;
				GCC_WARN_64_TO_32_BIT_CONVERSION = YES;
				GCC_WARN_ABOUT_RETURN_TYPE = YES_ERROR;
				GCC_WARN_UNDECLARED_SELECTOR = YES;
				GCC_WARN_UNINITIALIZED_AUTOS = YES_AGGRESSIVE;
				GCC_WARN_UNUSED_FUNCTION = YES;
				GCC_WARN_UNUSED_VARIABLE = YES;
				IPHONEOS_DEPLOYMENT_TARGET = 18.4;
				LOCALIZATION_PREFERS_STRING_CATALOGS = YES;
				MTL_ENABLE_DEBUG_INFO = NO;
				MTL_FAST_MATH = YES;
				SDKROOT = iphoneos;
				SWIFT_COMPILATION_MODE = wholemodule;
				VALIDATE_PRODUCT = YES;
			};
			name = Release;
		};
		BFDBACA12DEBE472002FEF75 /* Debug */ = {
			isa = XCBuildConfiguration;
			buildSettings = {
				ASSETCATALOG_COMPILER_APPICON_NAME = AppIcon;
				ASSETCATALOG_COMPILER_GLOBAL_ACCENT_COLOR_NAME = AccentColor;
				CODE_SIGN_STYLE = Automatic;
				CURRENT_PROJECT_VERSION = 1;
				DEVELOPMENT_TEAM = 4UG443984D;
				ENABLE_PREVIEWS = YES;
				GENERATE_INFOPLIST_FILE = YES;
				INFOPLIST_FILE = "";
				INFOPLIST_KEY_UIApplicationSceneManifest_Generation = YES;
				INFOPLIST_KEY_UIApplicationSupportsIndirectInputEvents = YES;
				INFOPLIST_KEY_UILaunchScreen_Generation = YES;
				INFOPLIST_KEY_UISupportedInterfaceOrientations_iPad = "UIInterfaceOrientationPortrait UIInterfaceOrientationPortraitUpsideDown UIInterfaceOrientationLandscapeLeft UIInterfaceOrientationLandscapeRight";
				INFOPLIST_KEY_UISupportedInterfaceOrientations_iPhone = "UIInterfaceOrientationPortrait UIInterfaceOrientationLandscapeLeft UIInterfaceOrientationLandscapeRight";
				IPHONEOS_DEPLOYMENT_TARGET = 18.0;
				LD_RUNPATH_SEARCH_PATHS = (
					"$(inherited)",
					"@executable_path/Frameworks",
				);
				MARKETING_VERSION = 1.0;
				PRODUCT_BUNDLE_IDENTIFIER = com.beisbakery.BeisWastageProject;
				PRODUCT_NAME = "$(TARGET_NAME)";
				SWIFT_EMIT_LOC_STRINGS = YES;
				SWIFT_VERSION = 5.0;
				TARGETED_DEVICE_FAMILY = "1,2";
			};
			name = Debug;
		};
		BFDBACA22DEBE472002FEF75 /* Release */ = {
			isa = XCBuildConfiguration;
			buildSettings = {
				ASSETCATALOG_COMPILER_APPICON_NAME = AppIcon;
				ASSETCATALOG_COMPILER_GLOBAL_ACCENT_COLOR_NAME = AccentColor;
				CODE_SIGN_STYLE = Automatic;
				CURRENT_PROJECT_VERSION = 1;
				DEVELOPMENT_TEAM = 4UG443984D;
				ENABLE_PREVIEWS = YES;
				GENERATE_INFOPLIST_FILE = YES;
				INFOPLIST_FILE = "";
				INFOPLIST_KEY_UIApplicationSceneManifest_Generation = YES;
				INFOPLIST_KEY_UIApplicationSupportsIndirectInputEvents = YES;
				INFOPLIST_KEY_UILaunchScreen_Generation = YES;
				INFOPLIST_KEY_UISupportedInterfaceOrientations_iPad = "UIInterfaceOrientationPortrait UIInterfaceOrientationPortraitUpsideDown UIInterfaceOrientationLandscapeLeft UIInterfaceOrientationLandscapeRight";
				INFOPLIST_KEY_UISupportedInterfaceOrientations_iPhone = "UIInterfaceOrientationPortrait UIInterfaceOrientationLandscapeLeft UIInterfaceOrientationLandscapeRight";
				IPHONEOS_DEPLOYMENT_TARGET = 18.0;
				LD_RUNPATH_SEARCH_PATHS = (
					"$(inherited)",
					"@executable_path/Frameworks",
				);
				MARKETING_VERSION = 1.0;
				PRODUCT_BUNDLE_IDENTIFIER = com.beisbakery.BeisWastageProject;
				PRODUCT_NAME = "$(TARGET_NAME)";
				SWIFT_EMIT_LOC_STRINGS = YES;
				SWIFT_VERSION = 5.0;
				TARGETED_DEVICE_FAMILY = "1,2";
			};
			name = Release;
		};
		BFDBACA42DEBE472002FEF75 /* Debug */ = {
			isa = XCBuildConfiguration;
			buildSettings = {
				BUNDLE_LOADER = "$(TEST_HOST)";
				CODE_SIGN_STYLE = Automatic;
				CURRENT_PROJECT_VERSION = 1;
				DEVELOPMENT_TEAM = 7JWCSA9B4T;
				GENERATE_INFOPLIST_FILE = YES;
				IPHONEOS_DEPLOYMENT_TARGET = 18.4;
				MARKETING_VERSION = 1.0;
				PRODUCT_BUNDLE_IDENTIFIER = com.beisbakery.BeisWastageProjectTests;
				PRODUCT_NAME = "$(TARGET_NAME)";
				SWIFT_EMIT_LOC_STRINGS = NO;
				SWIFT_VERSION = 5.0;
				TARGETED_DEVICE_FAMILY = "1,2";
				TEST_HOST = "$(BUILT_PRODUCTS_DIR)/BeisWastageProject.app/$(BUNDLE_EXECUTABLE_FOLDER_PATH)/BeisWastageProject";
			};
			name = Debug;
		};
		BFDBACA52DEBE472002FEF75 /* Release */ = {
			isa = XCBuildConfiguration;
			buildSettings = {
				BUNDLE_LOADER = "$(TEST_HOST)";
				CODE_SIGN_STYLE = Automatic;
				CURRENT_PROJECT_VERSION = 1;
				DEVELOPMENT_TEAM = 7JWCSA9B4T;
				GENERATE_INFOPLIST_FILE = YES;
				IPHONEOS_DEPLOYMENT_TARGET = 18.4;
				MARKETING_VERSION = 1.0;
				PRODUCT_BUNDLE_IDENTIFIER = com.beisbakery.BeisWastageProjectTests;
				PRODUCT_NAME = "$(TARGET_NAME)";
				SWIFT_EMIT_LOC_STRINGS = NO;
				SWIFT_VERSION = 5.0;
				TARGETED_DEVICE_FAMILY = "1,2";
				TEST_HOST = "$(BUILT_PRODUCTS_DIR)/BeisWastageProject.app/$(BUNDLE_EXECUTABLE_FOLDER_PATH)/BeisWastageProject";
			};
			name = Release;
		};
		BFDBACA72DEBE472002FEF75 /* Debug */ = {
			isa = XCBuildConfiguration;
			buildSettings = {
				CODE_SIGN_STYLE = Automatic;
				CURRENT_PROJECT_VERSION = 1;
				DEVELOPMENT_TEAM = 7JWCSA9B4T;
				GENERATE_INFOPLIST_FILE = YES;
				MARKETING_VERSION = 1.0;
				PRODUCT_BUNDLE_IDENTIFIER = com.beisbakery.BeisWastageProjectUITests;
				PRODUCT_NAME = "$(TARGET_NAME)";
				SWIFT_EMIT_LOC_STRINGS = NO;
				SWIFT_VERSION = 5.0;
				TARGETED_DEVICE_FAMILY = "1,2";
				TEST_TARGET_NAME = BeisWastageProject;
			};
			name = Debug;
		};
		BFDBACA82DEBE472002FEF75 /* Release */ = {
			isa = XCBuildConfiguration;
			buildSettings = {
				CODE_SIGN_STYLE = Automatic;
				CURRENT_PROJECT_VERSION = 1;
				DEVELOPMENT_TEAM = 7JWCSA9B4T;
				GENERATE_INFOPLIST_FILE = YES;
				MARKETING_VERSION = 1.0;
				PRODUCT_BUNDLE_IDENTIFIER = com.beisbakery.BeisWastageProjectUITests;
				PRODUCT_NAME = "$(TARGET_NAME)";
				SWIFT_EMIT_LOC_STRINGS = NO;
				SWIFT_VERSION = 5.0;
				TARGETED_DEVICE_FAMILY = "1,2";
				TEST_TARGET_NAME = BeisWastageProject;
			};
			name = Release;
		};
/* End XCBuildConfiguration section */

/* Begin XCConfigurationList section */
		BFDBAC7A2DEBE46F002FEF75 /* Build configuration list for PBXProject "BeisWastageProject" */ = {
			isa = XCConfigurationList;
			buildConfigurations = (
				BFDBAC9E2DEBE472002FEF75 /* Debug */,
				BFDBAC9F2DEBE472002FEF75 /* Release */,
			);
			defaultConfigurationIsVisible = 0;
			defaultConfigurationName = Release;
		};
		BFDBACA02DEBE472002FEF75 /* Build configuration list for PBXNativeTarget "BeisWastageProject" */ = {
			isa = XCConfigurationList;
			buildConfigurations = (
				BFDBACA12DEBE472002FEF75 /* Debug */,
				BFDBACA22DEBE472002FEF75 /* Release */,
			);
			defaultConfigurationIsVisible = 0;
			defaultConfigurationName = Release;
		};
		BFDBACA32DEBE472002FEF75 /* Build configuration list for PBXNativeTarget "BeisWastageProjectTests" */ = {
			isa = XCConfigurationList;
			buildConfigurations = (
				BFDBACA42DEBE472002FEF75 /* Debug */,
				BFDBACA52DEBE472002FEF75 /* Release */,
			);
			defaultConfigurationIsVisible = 0;
			defaultConfigurationName = Release;
		};
		BFDBACA62DEBE472002FEF75 /* Build configuration list for PBXNativeTarget "BeisWastageProjectUITests" */ = {
			isa = XCConfigurationList;
			buildConfigurations = (
				BFDBACA72DEBE472002FEF75 /* Debug */,
				BFDBACA82DEBE472002FEF75 /* Release */,
			);
			defaultConfigurationIsVisible = 0;
			defaultConfigurationName = Release;
		};
/* End XCConfigurationList section */

/* Begin XCRemoteSwiftPackageReference section */
		BFA8EEA52DEE7A49007571B9 /* XCRemoteSwiftPackageReference "supabase-swift" */ = {
			isa = XCRemoteSwiftPackageReference;
			repositoryURL = "https://github.com/supabase-community/supabase-swift";
			requirement = {
				kind = upToNextMajorVersion;
				minimumVersion = 2.5.1;
			};
		};
/* End XCRemoteSwiftPackageReference section */

/* Begin XCSwiftPackageProductDependency section */
		BFA8EEA62DEE7A49007571B9 /* Auth */ = {
			isa = XCSwiftPackageProductDependency;
			package = BFA8EEA52DEE7A49007571B9 /* XCRemoteSwiftPackageReference "supabase-swift" */;
			productName = Auth;
		};
		BFA8EEA82DEE7A49007571B9 /* Functions */ = {
			isa = XCSwiftPackageProductDependency;
			package = BFA8EEA52DEE7A49007571B9 /* XCRemoteSwiftPackageReference "supabase-swift" */;
			productName = Functions;
		};
		BFA8EEAA2DEE7A49007571B9 /* PostgREST */ = {
			isa = XCSwiftPackageProductDependency;
			package = BFA8EEA52DEE7A49007571B9 /* XCRemoteSwiftPackageReference "supabase-swift" */;
			productName = PostgREST;
		};
		BFA8EEAC2DEE7A49007571B9 /* Realtime */ = {
			isa = XCSwiftPackageProductDependency;
			package = BFA8EEA52DEE7A49007571B9 /* XCRemoteSwiftPackageReference "supabase-swift" */;
			productName = Realtime;
		};
		BFA8EEAE2DEE7A49007571B9 /* Storage */ = {
			isa = XCSwiftPackageProductDependency;
			package = BFA8EEA52DEE7A49007571B9 /* XCRemoteSwiftPackageReference "supabase-swift" */;
			productName = Storage;
		};
		BFA8EEC62DEE9238007571B9 /* Supabase */ = {
			isa = XCSwiftPackageProductDependency;
			package = BFA8EEA52DEE7A49007571B9 /* XCRemoteSwiftPackageReference "supabase-swift" */;
			productName = Supabase;
		};
/* End XCSwiftPackageProductDependency section */
	};
	rootObject = BFDBAC772DEBE46F002FEF75 /* Project object */;
}
